Microsoft Visual Studio Solution File, Format Version 11.00
# Visual Studio 2008

Project("{7707FCC7-710C-BA60-405E-1C9023F12AF3}") = "NinjaCrazy", "Assembly-CSharp-firstpass-vs.csproj", "{10B0B251-BB3F-CCED-86C7-19440D735D22}"
EndProject
Project("{7707FCC7-710C-BA60-405E-1C9023F12AF3}") = "NinjaCrazy", "Assembly-CSharp-vs.csproj", "{9C79A42F-3719-762B-FB0E-1886DD7D705C}"
EndProject
Global
	GlobalSection(SolutionConfigurationPlatforms) = preSolution
		Debug|Any CPU = Debug|Any CPU
		Release|Any CPU = Release|Any CPU
	EndGlobalSection
	GlobalSection(ProjectConfigurationPlatforms) = postSolution
		{10B0B251-BB3F-CCED-86C7-19440D735D22}.Debug|Any CPU.ActiveCfg = Debug|Any CPU
		{10B0B251-BB3F-CCED-86C7-19440D735D22}.Debug|Any CPU.Build.0 = Debug|Any CPU
		{10B0B251-BB3F-CCED-86C7-19440D735D22}.Release|Any CPU.ActiveCfg = Release|Any CPU
		{10B0B251-BB3F-CCED-86C7-19440D735D22}.Release|Any CPU.Build.0 = Release|Any CPU
		{9C79A42F-3719-762B-FB0E-1886DD7D705C}.Debug|Any CPU.ActiveCfg = Debug|Any CPU
		{9C79A42F-3719-762B-FB0E-1886DD7D705C}.Debug|Any CPU.Build.0 = Debug|Any CPU
		{9C79A42F-3719-762B-FB0E-1886DD7D705C}.Release|Any CPU.ActiveCfg = Release|Any CPU
		{9C79A42F-3719-762B-FB0E-1886DD7D705C}.Release|Any CPU.Build.0 = Release|Any CPU
	EndGlobalSection
	GlobalSection(SolutionProperties) = preSolution
		HideSolutionNode = FALSE
	EndGlobalSection
																																					GlobalSection(MonoDevelopProperties) = preSolution
		StartupItem = Assembly-CSharp.csproj
		Policies = $0
		$0.TextStylePolicy = $1
		$1.inheritsSet = null
		$1.scope = text/x-csharp
		$0.CSharpFormattingPolicy = $2
		$2.inheritsSet = Mono
		$2.inheritsScope = text/x-csharp
		$2.scope = text/x-csharp
		$0.TextStylePolicy = $3
		$3.FileWidth = 120
		$3.TabWidth = 4
		$3.IndentWidth = 4
		$3.EolMarker = Unix
		$3.inheritsSet = Mono
		$3.inheritsScope = text/plain
		$3.scope = text/plain
	EndGlobalSection

EndGlobal
